
Microsoft Visual Studio Solution File, Format Version 12.00
# Visual Studio Version 16
VisualStudioVersion = 16.0.29521.150
MinimumVisualStudioVersion = 10.0.40219.1
Project("{FAE04EC0-301F-11D3-BF4B-00C04F79EFBC}") = "WDHAN", "WDHAN.csproj", "{A331CFC3-DF9D-4862-9D8D-1E69D4F77E8F}"
EndProject
Global
	GlobalSection(SolutionConfigurationPlatforms) = preSolution
		Debug|Any CPU = Debug|Any CPU
		Release|Any CPU = Release|Any CPU
	EndGlobalSection
	GlobalSection(ProjectConfigurationPlatforms) = postSolution
		{A331CFC3-DF9D-4862-9D8D-1E69D4F77E8F}.Debug|Any CPU.ActiveCfg = Debug|Any CPU
		{A331CFC3-DF9D-4862-9D8D-1E69D4F77E8F}.Debug|Any CPU.Build.0 = Debug|Any CPU
		{A331CFC3-DF9D-4862-9D8D-1E69D4F77E8F}.Release|Any CPU.ActiveCfg = Release|Any CPU
		{A331CFC3-DF9D-4862-9D8D-1E69D4F77E8F}.Release|Any CPU.Build.0 = Release|Any CPU
	EndGlobalSection
	GlobalSection(SolutionProperties) = preSolution
		HideSolutionNode = FALSE
	EndGlobalSection
	GlobalSection(ExtensibilityGlobals) = postSolution
		SolutionGuid = {32015F41-E17F-4004-B020-8BDB812AF280}
	EndGlobalSection
EndGlobal
